
Microsoft Visual Studio Solution File, Format Version 12.00
# Visual Studio Version 16
VisualStudioVersion = 16.0.30717.126
MinimumVisualStudioVersion = 10.0.40219.1
Project("{FAE04EC0-301F-11D3-BF4B-00C04F79EFBC}") = "PuzzleDay1", "PuzzleDay1\PuzzleDay1.csproj", "{F2D78A52-A91B-45B5-9993-9B5E03E6D58B}"
EndProject
Global
	GlobalSection(SolutionConfigurationPlatforms) = preSolution
		Debug|Any CPU = Debug|Any CPU
		Release|Any CPU = Release|Any CPU
	EndGlobalSection
	GlobalSection(ProjectConfigurationPlatforms) = postSolution
		{F2D78A52-A91B-45B5-9993-9B5E03E6D58B}.Debug|Any CPU.ActiveCfg = Debug|Any CPU
		{F2D78A52-A91B-45B5-9993-9B5E03E6D58B}.Debug|Any CPU.Build.0 = Debug|Any CPU
		{F2D78A52-A91B-45B5-9993-9B5E03E6D58B}.Release|Any CPU.ActiveCfg = Release|Any CPU
		{F2D78A52-A91B-45B5-9993-9B5E03E6D58B}.Release|Any CPU.Build.0 = Release|Any CPU
	EndGlobalSection
	GlobalSection(SolutionProperties) = preSolution
		HideSolutionNode = FALSE
	EndGlobalSection
	GlobalSection(ExtensibilityGlobals) = postSolution
		SolutionGuid = {C546F8A2-A136-43E9-812C-7BA3B76E7842}
	EndGlobalSection
EndGlobal
